// !$*UTF8*$!
{
	archiveVersion = 1;
	classes = {
	};
	objectVersion = 55;
	objects = {

/* Begin PBXBuildFile section */
		FA0CBB4D29E9E5D400091E38 /* AppDelegate.swift in Sources */ = {isa = PBXBuildFile; fileRef = FA0CBB4C29E9E5D400091E38 /* AppDelegate.swift */; };
		FA0CBB4F29E9E5D400091E38 /* SceneDelegate.swift in Sources */ = {isa = PBXBuildFile; fileRef = FA0CBB4E29E9E5D400091E38 /* SceneDelegate.swift */; };
		FA0CBB5429E9E5D400091E38 /* Main.storyboard in Resources */ = {isa = PBXBuildFile; fileRef = FA0CBB5229E9E5D400091E38 /* Main.storyboard */; };
		FA0CBB5629E9E5D900091E38 /* Assets.xcassets in Resources */ = {isa = PBXBuildFile; fileRef = FA0CBB5529E9E5D900091E38 /* Assets.xcassets */; };
		FA0CBB5929E9E5D900091E38 /* LaunchScreen.storyboard in Resources */ = {isa = PBXBuildFile; fileRef = FA0CBB5729E9E5D900091E38 /* LaunchScreen.storyboard */; };
		FA71DE7F29F83873008B5FFF /* OnboardingViewController.swift in Sources */ = {isa = PBXBuildFile; fileRef = FA71DE7E29F83873008B5FFF /* OnboardingViewController.swift */; };
		FA71DE8229F83FE6008B5FFF /* UIView+Extention.swift in Sources */ = {isa = PBXBuildFile; fileRef = FA71DE8129F83FE6008B5FFF /* UIView+Extention.swift */; };
		FA71DE8429F84302008B5FFF /* OnboardingSlide.swift in Sources */ = {isa = PBXBuildFile; fileRef = FA71DE8329F84302008B5FFF /* OnboardingSlide.swift */; };
		FA71DE8629F84512008B5FFF /* OnboardingCollectionViewCell.swift in Sources */ = {isa = PBXBuildFile; fileRef = FA71DE8529F84512008B5FFF /* OnboardingCollectionViewCell.swift */; };
/* End PBXBuildFile section */

/* Begin PBXFileReference section */
		FA0CBB4929E9E5D400091E38 /* qroadapp.app */ = {isa = PBXFileReference; explicitFileType = wrapper.application; includeInIndex = 0; path = qroadapp.app; sourceTree = BUILT_PRODUCTS_DIR; };
		FA0CBB4C29E9E5D400091E38 /* AppDelegate.swift */ = {isa = PBXFileReference; lastKnownFileType = sourcecode.swift; path = AppDelegate.swift; sourceTree = "<group>"; };
		FA0CBB4E29E9E5D400091E38 /* SceneDelegate.swift */ = {isa = PBXFileReference; lastKnownFileType = sourcecode.swift; path = SceneDelegate.swift; sourceTree = "<group>"; };
		FA0CBB5329E9E5D400091E38 /* Base */ = {isa = PBXFileReference; lastKnownFileType = file.storyboard; name = Base; path = Base.lproj/Main.storyboard; sourceTree = "<group>"; };
		FA0CBB5529E9E5D900091E38 /* Assets.xcassets */ = {isa = PBXFileReference; lastKnownFileType = folder.assetcatalog; path = Assets.xcassets; sourceTree = "<group>"; };
		FA0CBB5829E9E5D900091E38 /* Base */ = {isa = PBXFileReference; lastKnownFileType = file.storyboard; name = Base; path = Base.lproj/LaunchScreen.storyboard; sourceTree = "<group>"; };
		FA0CBB5A29E9E5D900091E38 /* Info.plist */ = {isa = PBXFileReference; lastKnownFileType = text.plist.xml; path = Info.plist; sourceTree = "<group>"; };
		FA71DE7E29F83873008B5FFF /* OnboardingViewController.swift */ = {isa = PBXFileReference; lastKnownFileType = sourcecode.swift; path = OnboardingViewController.swift; sourceTree = "<group>"; };
		FA71DE8129F83FE6008B5FFF /* UIView+Extention.swift */ = {isa = PBXFileReference; lastKnownFileType = sourcecode.swift; path = "UIView+Extention.swift"; sourceTree = "<group>"; };
		FA71DE8329F84302008B5FFF /* OnboardingSlide.swift */ = {isa = PBXFileReference; lastKnownFileType = sourcecode.swift; path = OnboardingSlide.swift; sourceTree = "<group>"; };
		FA71DE8529F84512008B5FFF /* OnboardingCollectionViewCell.swift */ = {isa = PBXFileReference; lastKnownFileType = sourcecode.swift; path = OnboardingCollectionViewCell.swift; sourceTree = "<group>"; };
/* End PBXFileReference section */

/* Begin PBXFrameworksBuildPhase section */
		FA0CBB4629E9E5D400091E38 /* Frameworks */ = {
			isa = PBXFrameworksBuildPhase;
			buildActionMask = 2147483647;
			files = (
			);
			runOnlyForDeploymentPostprocessing = 0;
		};
/* End PBXFrameworksBuildPhase section */

/* Begin PBXGroup section */
		FA0CBB4029E9E5D400091E38 = {
			isa = PBXGroup;
			children = (
				FA0CBB4B29E9E5D400091E38 /* qroadapp */,
				FA0CBB4A29E9E5D400091E38 /* Products */,
			);
			sourceTree = "<group>";
		};
		FA0CBB4A29E9E5D400091E38 /* Products */ = {
			isa = PBXGroup;
			children = (
				FA0CBB4929E9E5D400091E38 /* qroadapp.app */,
			);
			name = Products;
			sourceTree = "<group>";
		};
		FA0CBB4B29E9E5D400091E38 /* qroadapp */ = {
			isa = PBXGroup;
			children = (
				FA71DE8029F83FC5008B5FFF /* Extentions */,
				FA71DE7C29F8384D008B5FFF /* Views */,
				FA71DE7B29F83844008B5FFF /* CustomViews */,
				FA71DE7A29F83836008B5FFF /* Models */,
				FA0CBB4C29E9E5D400091E38 /* AppDelegate.swift */,
				FA0CBB4E29E9E5D400091E38 /* SceneDelegate.swift */,
				FA0CBB5229E9E5D400091E38 /* Main.storyboard */,
				FA0CBB5529E9E5D900091E38 /* Assets.xcassets */,
				FA0CBB5729E9E5D900091E38 /* LaunchScreen.storyboard */,
				FA0CBB5A29E9E5D900091E38 /* Info.plist */,
			);
			path = qroadapp;
			sourceTree = "<group>";
		};
		FA71DE7A29F83836008B5FFF /* Models */ = {
			isa = PBXGroup;
			children = (
				FA71DE8329F84302008B5FFF /* OnboardingSlide.swift */,
			);
			path = Models;
			sourceTree = "<group>";
		};
		FA71DE7B29F83844008B5FFF /* CustomViews */ = {
			isa = PBXGroup;
			children = (
			);
			path = CustomViews;
			sourceTree = "<group>";
		};
		FA71DE7C29F8384D008B5FFF /* Views */ = {
			isa = PBXGroup;
			children = (
				FA71DE7D29F83856008B5FFF /* Onboarding */,
			);
			path = Views;
			sourceTree = "<group>";
		};
		FA71DE7D29F83856008B5FFF /* Onboarding */ = {
			isa = PBXGroup;
			children = (
				FA71DE7E29F83873008B5FFF /* OnboardingViewController.swift */,
				FA71DE8529F84512008B5FFF /* OnboardingCollectionViewCell.swift */,
			);
			path = Onboarding;
			sourceTree = "<group>";
		};
		FA71DE8029F83FC5008B5FFF /* Extentions */ = {
			isa = PBXGroup;
			children = (
				FA71DE8129F83FE6008B5FFF /* UIView+Extention.swift */,
			);
			path = Extentions;
			sourceTree = "<group>";
		};
/* End PBXGroup section */

/* Begin PBXNativeTarget section */
		FA0CBB4829E9E5D400091E38 /* qroadapp */ = {
			isa = PBXNativeTarget;
			buildConfigurationList = FA0CBB5D29E9E5D900091E38 /* Build configuration list for PBXNativeTarget "qroadapp" */;
			buildPhases = (
				FA0CBB4529E9E5D400091E38 /* Sources */,
				FA0CBB4629E9E5D400091E38 /* Frameworks */,
				FA0CBB4729E9E5D400091E38 /* Resources */,
			);
			buildRules = (
			);
			dependencies = (
			);
			name = qroadapp;
			productName = qroadapp;
			productReference = FA0CBB4929E9E5D400091E38 /* qroadapp.app */;
			productType = "com.apple.product-type.application";
		};
/* End PBXNativeTarget section */

/* Begin PBXProject section */
		FA0CBB4129E9E5D400091E38 /* Project object */ = {
			isa = PBXProject;
			attributes = {
				BuildIndependentTargetsInParallel = 1;
				LastSwiftUpdateCheck = 1340;
				LastUpgradeCheck = 1340;
				TargetAttributes = {
					FA0CBB4829E9E5D400091E38 = {
						CreatedOnToolsVersion = 13.4;
					};
				};
			};
			buildConfigurationList = FA0CBB4429E9E5D400091E38 /* Build configuration list for PBXProject "qroadapp" */;
			compatibilityVersion = "Xcode 13.0";
			developmentRegion = en;
			hasScannedForEncodings = 0;
			knownRegions = (
				en,
				Base,
			);
			mainGroup = FA0CBB4029E9E5D400091E38;
			productRefGroup = FA0CBB4A29E9E5D400091E38 /* Products */;
			projectDirPath = "";
			projectRoot = "";
			targets = (
				FA0CBB4829E9E5D400091E38 /* qroadapp */,
			);
		};
/* End PBXProject section */

/* Begin PBXResourcesBuildPhase section */
		FA0CBB4729E9E5D400091E38 /* Resources */ = {
			isa = PBXResourcesBuildPhase;
			buildActionMask = 2147483647;
			files = (
				FA0CBB5929E9E5D900091E38 /* LaunchScreen.storyboard in Resources */,
				FA0CBB5629E9E5D900091E38 /* Assets.xcassets in Resources */,
				FA0CBB5429E9E5D400091E38 /* Main.storyboard in Resources */,
			);
			runOnlyForDeploymentPostprocessing = 0;
		};
/* End PBXResourcesBuildPhase section */

/* Begin PBXSourcesBuildPhase section */
		FA0CBB4529E9E5D400091E38 /* Sources */ = {
			isa = PBXSourcesBuildPhase;
			buildActionMask = 2147483647;
			files = (
				FA71DE8429F84302008B5FFF /* OnboardingSlide.swift in Sources */,
				FA0CBB4D29E9E5D400091E38 /* AppDelegate.swift in Sources */,
				FA0CBB4F29E9E5D400091E38 /* SceneDelegate.swift in Sources */,
				FA71DE7F29F83873008B5FFF /* OnboardingViewController.swift in Sources */,
				FA71DE8229F83FE6008B5FFF /* UIView+Extention.swift in Sources */,
				FA71DE8629F84512008B5FFF /* OnboardingCollectionViewCell.swift in Sources */,
			);
			runOnlyForDeploymentPostprocessing = 0;
		};
/* End PBXSourcesBuildPhase section */

/* Begin PBXVariantGroup section */
		FA0CBB5229E9E5D400091E38 /* Main.storyboard */ = {
			isa = PBXVariantGroup;
			children = (
				FA0CBB5329E9E5D400091E38 /* Base */,
			);
			name = Main.storyboard;
			sourceTree = "<group>";
		};
		FA0CBB5729E9E5D900091E38 /* LaunchScreen.storyboard */ = {
			isa = PBXVariantGroup;
			children = (
				FA0CBB5829E9E5D900091E38 /* Base */,
			);
			name = LaunchScreen.storyboard;
			sourceTree = "<group>";
		};
/* End PBXVariantGroup section */

/* Begin XCBuildConfiguration section */
		FA0CBB5B29E9E5D900091E38 /* Debug */ = {
			isa = XCBuildConfiguration;
			buildSettings = {
				ALWAYS_SEARCH_USER_PATHS = NO;
				CLANG_ANALYZER_NONNULL = YES;
				CLANG_ANALYZER_NUMBER_OBJECT_CONVERSION = YES_AGGRESSIVE;
				CLANG_CXX_LANGUAGE_STANDARD = "gnu++17";
				CLANG_ENABLE_MODULES = YES;
				CLANG_ENABLE_OBJC_ARC = YES;
				CLANG_ENABLE_OBJC_WEAK = YES;
				CLANG_WARN_BLOCK_CAPTURE_AUTORELEASING = YES;
				CLANG_WARN_BOOL_CONVERSION = YES;
				CLANG_WARN_COMMA = YES;
				CLANG_WARN_CONSTANT_CONVERSION = YES;
				CLANG_WARN_DEPRECATED_OBJC_IMPLEMENTATIONS = YES;
				CLANG_WARN_DIRECT_OBJC_ISA_USAGE = YES_ERROR;
				CLANG_WARN_DOCUMENTATION_COMMENTS = YES;
				CLANG_WARN_EMPTY_BODY = YES;
				CLANG_WARN_ENUM_CONVERSION = YES;
				CLANG_WARN_INFINITE_RECURSION = YES;
				CLANG_WARN_INT_CONVERSION = YES;
				CLANG_WARN_NON_LITERAL_NULL_CONVERSION = YES;
				CLANG_WARN_OBJC_IMPLICIT_RETAIN_SELF = YES;
				CLANG_WARN_OBJC_LITERAL_CONVERSION = YES;
				CLANG_WARN_OBJC_ROOT_CLASS = YES_ERROR;
				CLANG_WARN_QUOTED_INCLUDE_IN_FRAMEWORK_HEADER = YES;
				CLANG_WARN_RANGE_LOOP_ANALYSIS = YES;
				CLANG_WARN_STRICT_PROTOTYPES = YES;
				CLANG_WARN_SUSPICIOUS_MOVE = YES;
				CLANG_WARN_UNGUARDED_AVAILABILITY = YES_AGGRESSIVE;
				CLANG_WARN_UNREACHABLE_CODE = YES;
				CLANG_WARN__DUPLICATE_METHOD_MATCH = YES;
				COPY_PHASE_STRIP = NO;
				DEBUG_INFORMATION_FORMAT = dwarf;
				ENABLE_STRICT_OBJC_MSGSEND = YES;
				ENABLE_TESTABILITY = YES;
				GCC_C_LANGUAGE_STANDARD = gnu11;
				GCC_DYNAMIC_NO_PIC = NO;
				GCC_NO_COMMON_BLOCKS = YES;
				GCC_OPTIMIZATION_LEVEL = 0;
				GCC_PREPROCESSOR_DEFINITIONS = (
					"DEBUG=1",
					"$(inherited)",
				);
				GCC_WARN_64_TO_32_BIT_CONVERSION = YES;
				GCC_WARN_ABOUT_RETURN_TYPE = YES_ERROR;
				GCC_WARN_UNDECLARED_SELECTOR = YES;
				GCC_WARN_UNINITIALIZED_AUTOS = YES_AGGRESSIVE;
				GCC_WARN_UNUSED_FUNCTION = YES;
				GCC_WARN_UNUSED_VARIABLE = YES;
				IPHONEOS_DEPLOYMENT_TARGET = 15.5;
				MTL_ENABLE_DEBUG_INFO = INCLUDE_SOURCE;
				MTL_FAST_MATH = YES;
				ONLY_ACTIVE_ARCH = YES;
				SDKROOT = iphoneos;
				SWIFT_ACTIVE_COMPILATION_CONDITIONS = DEBUG;
				SWIFT_OPTIMIZATION_LEVEL = "-Onone";
			};
			name = Debug;
		};
		FA0CBB5C29E9E5D900091E38 /* Release */ = {
			isa = XCBuildConfiguration;
			buildSettings = {
				ALWAYS_SEARCH_USER_PATHS = NO;
				CLANG_ANALYZER_NONNULL = YES;
				CLANG_ANALYZER_NUMBER_OBJECT_CONVERSION = YES_AGGRESSIVE;
				CLANG_CXX_LANGUAGE_STANDARD = "gnu++17";
				CLANG_ENABLE_MODULES = YES;
				CLANG_ENABLE_OBJC_ARC = YES;
				CLANG_ENABLE_OBJC_WEAK = YES;
				CLANG_WARN_BLOCK_CAPTURE_AUTORELEASING = YES;
				CLANG_WARN_BOOL_CONVERSION = YES;
				CLANG_WARN_COMMA = YES;
				CLANG_WARN_CONSTANT_CONVERSION = YES;
				CLANG_WARN_DEPRECATED_OBJC_IMPLEMENTATIONS = YES;
				CLANG_WARN_DIRECT_OBJC_ISA_USAGE = YES_ERROR;
				CLANG_WARN_DOCUMENTATION_COMMENTS = YES;
				CLANG_WARN_EMPTY_BODY = YES;
				CLANG_WARN_ENUM_CONVERSION = YES;
				CLANG_WARN_INFINITE_RECURSION = YES;
				CLANG_WARN_INT_CONVERSION = YES;
				CLANG_WARN_NON_LITERAL_NULL_CONVERSION = YES;
				CLANG_WARN_OBJC_IMPLICIT_RETAIN_SELF = YES;
				CLANG_WARN_OBJC_LITERAL_CONVERSION = YES;
				CLANG_WARN_OBJC_ROOT_CLASS = YES_ERROR;
				CLANG_WARN_QUOTED_INCLUDE_IN_FRAMEWORK_HEADER = YES;
				CLANG_WARN_RANGE_LOOP_ANALYSIS = YES;
				CLANG_WARN_STRICT_PROTOTYPES = YES;
				CLANG_WARN_SUSPICIOUS_MOVE = YES;
				CLANG_WARN_UNGUARDED_AVAILABILITY = YES_AGGRESSIVE;
				CLANG_WARN_UNREACHABLE_CODE = YES;
				CLANG_WARN__DUPLICATE_METHOD_MATCH = YES;
				COPY_PHASE_STRIP = NO;
				DEBUG_INFORMATION_FORMAT = "dwarf-with-dsym";
				ENABLE_NS_ASSERTIONS = NO;
				ENABLE_STRICT_OBJC_MSGSEND = YES;
				GCC_C_LANGUAGE_STANDARD = gnu11;
				GCC_NO_COMMON_BLOCKS = YES;
				GCC_WARN_64_TO_32_BIT_CONVERSION = YES;
				GCC_WARN_ABOUT_RETURN_TYPE = YES_ERROR;
				GCC_WARN_UNDECLARED_SELECTOR = YES;
				GCC_WARN_UNINITIALIZED_AUTOS = YES_AGGRESSIVE;
				GCC_WARN_UNUSED_FUNCTION = YES;
				GCC_WARN_UNUSED_VARIABLE = YES;
				IPHONEOS_DEPLOYMENT_TARGET = 15.5;
				MTL_ENABLE_DEBUG_INFO = NO;
				MTL_FAST_MATH = YES;
				SDKROOT = iphoneos;
				SWIFT_COMPILATION_MODE = wholemodule;
				SWIFT_OPTIMIZATION_LEVEL = "-O";
				VALIDATE_PRODUCT = YES;
			};
			name = Release;
		};
		FA0CBB5E29E9E5D900091E38 /* Debug */ = {
			isa = XCBuildConfiguration;
			buildSettings = {
				ASSETCATALOG_COMPILER_APPICON_NAME = AppIcon;
				ASSETCATALOG_COMPILER_GLOBAL_ACCENT_COLOR_NAME = AccentColor;
				CODE_SIGN_STYLE = Automatic;
				CURRENT_PROJECT_VERSION = 1;
				DEVELOPMENT_TEAM = 57586ULJVD;
				GENERATE_INFOPLIST_FILE = YES;
				INFOPLIST_FILE = qroadapp/Info.plist;
				INFOPLIST_KEY_UIApplicationSupportsIndirectInputEvents = YES;
				INFOPLIST_KEY_UILaunchStoryboardName = LaunchScreen;
				INFOPLIST_KEY_UIMainStoryboardFile = Main;
				INFOPLIST_KEY_UISupportedInterfaceOrientations_iPad = "UIInterfaceOrientationPortrait UIInterfaceOrientationPortraitUpsideDown UIInterfaceOrientationLandscapeLeft UIInterfaceOrientationLandscapeRight";
				INFOPLIST_KEY_UISupportedInterfaceOrientations_iPhone = "UIInterfaceOrientationPortrait UIInterfaceOrientationLandscapeLeft UIInterfaceOrientationLandscapeRight";
				LD_RUNPATH_SEARCH_PATHS = (
					"$(inherited)",
					"@executable_path/Frameworks",
				);
				MARKETING_VERSION = 1.0;
				PRODUCT_BUNDLE_IDENTIFIER = com.qroadapp;
				PRODUCT_NAME = "$(TARGET_NAME)";
				SWIFT_EMIT_LOC_STRINGS = YES;
				SWIFT_VERSION = 5.0;
				TARGETED_DEVICE_FAMILY = "1,2";
			};
			name = Debug;
		};
		FA0CBB5F29E9E5D900091E38 /* Release */ = {
			isa = XCBuildConfiguration;
			buildSettings = {
				ASSETCATALOG_COMPILER_APPICON_NAME = AppIcon;
				ASSETCATALOG_COMPILER_GLOBAL_ACCENT_COLOR_NAME = AccentColor;
				CODE_SIGN_STYLE = Automatic;
				CURRENT_PROJECT_VERSION = 1;
				DEVELOPMENT_TEAM = 57586ULJVD;
				GENERATE_INFOPLIST_FILE = YES;
				INFOPLIST_FILE = qroadapp/Info.plist;
				INFOPLIST_KEY_UIApplicationSupportsIndirectInputEvents = YES;
				INFOPLIST_KEY_UILaunchStoryboardName = LaunchScreen;
				INFOPLIST_KEY_UIMainStoryboardFile = Main;
				INFOPLIST_KEY_UISupportedInterfaceOrientations_iPad = "UIInterfaceOrientationPortrait UIInterfaceOrientationPortraitUpsideDown UIInterfaceOrientationLandscapeLeft UIInterfaceOrientationLandscapeRight";
				INFOPLIST_KEY_UISupportedInterfaceOrientations_iPhone = "UIInterfaceOrientationPortrait UIInterfaceOrientationLandscapeLeft UIInterfaceOrientationLandscapeRight";
				LD_RUNPATH_SEARCH_PATHS = (
					"$(inherited)",
					"@executable_path/Frameworks",
				);
				MARKETING_VERSION = 1.0;
				PRODUCT_BUNDLE_IDENTIFIER = com.qroadapp;
				PRODUCT_NAME = "$(TARGET_NAME)";
				SWIFT_EMIT_LOC_STRINGS = YES;
				SWIFT_VERSION = 5.0;
				TARGETED_DEVICE_FAMILY = "1,2";
			};
			name = Release;
		};
/* End XCBuildConfiguration section */

/* Begin XCConfigurationList section */
		FA0CBB4429E9E5D400091E38 /* Build configuration list for PBXProject "qroadapp" */ = {
			isa = XCConfigurationList;
			buildConfigurations = (
				FA0CBB5B29E9E5D900091E38 /* Debug */,
				FA0CBB5C29E9E5D900091E38 /* Release */,
			);
			defaultConfigurationIsVisible = 0;
			defaultConfigurationName = Release;
		};
		FA0CBB5D29E9E5D900091E38 /* Build configuration list for PBXNativeTarget "qroadapp" */ = {
			isa = XCConfigurationList;
			buildConfigurations = (
				FA0CBB5E29E9E5D900091E38 /* Debug */,
				FA0CBB5F29E9E5D900091E38 /* Release */,
			);
			defaultConfigurationIsVisible = 0;
			defaultConfigurationName = Release;
		};
/* End XCConfigurationList section */
	};
	rootObject = FA0CBB4129E9E5D400091E38 /* Project object */;
}
